// !$*UTF8*$!
{
	archiveVersion = 1;
	classes = {
	};
	objectVersion = 55;
	objects = {

/* Begin PBXBuildFile section */
		BE599B79286DDA1C00A6F780 /* AddSaveViewModel.swift in Sources */ = {isa = PBXBuildFile; fileRef = BE599B78286DDA1C00A6F780 /* AddSaveViewModel.swift */; };
		BE600D0C2867F748000EA1FA /* SaveView.swift in Sources */ = {isa = PBXBuildFile; fileRef = BE600D0B2867F748000EA1FA /* SaveView.swift */; };
		BE600D0E2867F7B3000EA1FA /* InputMemoFaile.swift in Sources */ = {isa = PBXBuildFile; fileRef = BE600D0D2867F7B3000EA1FA /* InputMemoFaile.swift */; };
		BE600D1028680CCC000EA1FA /* HomeView.swift in Sources */ = {isa = PBXBuildFile; fileRef = BE600D0F28680CCC000EA1FA /* HomeView.swift */; };
		BE6611D0286F2823005B3991 /* InputMemoFaileViewModel.swift in Sources */ = {isa = PBXBuildFile; fileRef = BE6611CF286F2823005B3991 /* InputMemoFaileViewModel.swift */; };
		BE6611D2286F2CFA005B3991 /* EditMemoView.swift in Sources */ = {isa = PBXBuildFile; fileRef = BE6611D1286F2CFA005B3991 /* EditMemoView.swift */; };
		BE6611D4286F2D9A005B3991 /* EditViewModel.swift in Sources */ = {isa = PBXBuildFile; fileRef = BE6611D3286F2D9A005B3991 /* EditViewModel.swift */; };
		BEB8503C2865DF7F00EF1059 /* MotivationUpTaskControlApp.swift in Sources */ = {isa = PBXBuildFile; fileRef = BEB8503B2865DF7F00EF1059 /* MotivationUpTaskControlApp.swift */; };
		BEB8503E2865DF7F00EF1059 /* ContentView.swift in Sources */ = {isa = PBXBuildFile; fileRef = BEB8503D2865DF7F00EF1059 /* ContentView.swift */; };
		BEB850402865DF8500EF1059 /* Assets.xcassets in Resources */ = {isa = PBXBuildFile; fileRef = BEB8503F2865DF8500EF1059 /* Assets.xcassets */; };
		BEB850432865DF8500EF1059 /* Preview Assets.xcassets in Resources */ = {isa = PBXBuildFile; fileRef = BEB850422865DF8500EF1059 /* Preview Assets.xcassets */; };
		BEB850452865DF8500EF1059 /* Persistence.swift in Sources */ = {isa = PBXBuildFile; fileRef = BEB850442865DF8500EF1059 /* Persistence.swift */; };
		BEB850482865DF8500EF1059 /* motivationUpTaskControl.xcdatamodeld in Sources */ = {isa = PBXBuildFile; fileRef = BEB850462865DF8500EF1059 /* motivationUpTaskControl.xcdatamodeld */; };
/* End PBXBuildFile section */

/* Begin PBXFileReference section */
		BE599B78286DDA1C00A6F780 /* AddSaveViewModel.swift */ = {isa = PBXFileReference; lastKnownFileType = sourcecode.swift; name = AddSaveViewModel.swift; path = MotivationUpTaskControl/ViewModel/AddSaveViewModel.swift; sourceTree = SOURCE_ROOT; };
		BE600D0B2867F748000EA1FA /* SaveView.swift */ = {isa = PBXFileReference; lastKnownFileType = sourcecode.swift; name = SaveView.swift; path = MotivationUpTaskControl/SaveView.swift; sourceTree = SOURCE_ROOT; };
		BE600D0D2867F7B3000EA1FA /* InputMemoFaile.swift */ = {isa = PBXFileReference; lastKnownFileType = sourcecode.swift; name = InputMemoFaile.swift; path = MotivationUpTaskControl/InputMemoFaile.swift; sourceTree = SOURCE_ROOT; };
		BE600D0F28680CCC000EA1FA /* HomeView.swift */ = {isa = PBXFileReference; lastKnownFileType = sourcecode.swift; name = HomeView.swift; path = MotivationUpTaskControl/HomeView.swift; sourceTree = SOURCE_ROOT; };
		BE6611CF286F2823005B3991 /* InputMemoFaileViewModel.swift */ = {isa = PBXFileReference; lastKnownFileType = sourcecode.swift; name = InputMemoFaileViewModel.swift; path = MotivationUpTaskControl/ViewModel/InputMemoFaileViewModel.swift; sourceTree = SOURCE_ROOT; };
		BE6611D1286F2CFA005B3991 /* EditMemoView.swift */ = {isa = PBXFileReference; lastKnownFileType = sourcecode.swift; name = EditMemoView.swift; path = MotivationUpTaskControl/EditMemoView.swift; sourceTree = SOURCE_ROOT; };
		BE6611D3286F2D9A005B3991 /* EditViewModel.swift */ = {isa = PBXFileReference; lastKnownFileType = sourcecode.swift; name = EditViewModel.swift; path = MotivationUpTaskControl/ViewModel/EditViewModel.swift; sourceTree = SOURCE_ROOT; };
		BEB850382865DF7F00EF1059 /* motivationUpTaskControl.app */ = {isa = PBXFileReference; explicitFileType = wrapper.application; includeInIndex = 0; path = motivationUpTaskControl.app; sourceTree = BUILT_PRODUCTS_DIR; };
		BEB8503B2865DF7F00EF1059 /* MotivationUpTaskControlApp.swift */ = {isa = PBXFileReference; lastKnownFileType = sourcecode.swift; path = MotivationUpTaskControlApp.swift; sourceTree = "<group>"; };
		BEB8503D2865DF7F00EF1059 /* ContentView.swift */ = {isa = PBXFileReference; lastKnownFileType = sourcecode.swift; path = ContentView.swift; sourceTree = "<group>"; };
		BEB8503F2865DF8500EF1059 /* Assets.xcassets */ = {isa = PBXFileReference; lastKnownFileType = folder.assetcatalog; path = Assets.xcassets; sourceTree = "<group>"; };
		BEB850422865DF8500EF1059 /* Preview Assets.xcassets */ = {isa = PBXFileReference; lastKnownFileType = folder.assetcatalog; path = "Preview Assets.xcassets"; sourceTree = "<group>"; };
		BEB850442865DF8500EF1059 /* Persistence.swift */ = {isa = PBXFileReference; lastKnownFileType = sourcecode.swift; path = Persistence.swift; sourceTree = "<group>"; };
		BEB850472865DF8500EF1059 /* motivationUpTaskControl.xcdatamodel */ = {isa = PBXFileReference; lastKnownFileType = wrapper.xcdatamodel; path = motivationUpTaskControl.xcdatamodel; sourceTree = "<group>"; };
/* End PBXFileReference section */

/* Begin PBXFrameworksBuildPhase section */
		BEB850352865DF7F00EF1059 /* Frameworks */ = {
			isa = PBXFrameworksBuildPhase;
			buildActionMask = 2147483647;
			files = (
			);
			runOnlyForDeploymentPostprocessing = 0;
		};
/* End PBXFrameworksBuildPhase section */

/* Begin PBXGroup section */
		BE599B77286DD9F000A6F780 /* ViewModel */ = {
			isa = PBXGroup;
			children = (
				BE599B78286DDA1C00A6F780 /* AddSaveViewModel.swift */,
				BE6611CF286F2823005B3991 /* InputMemoFaileViewModel.swift */,
				BE6611D3286F2D9A005B3991 /* EditViewModel.swift */,
			);
			path = ViewModel;
			sourceTree = "<group>";
		};
		BEB8502F2865DF7F00EF1059 = {
			isa = PBXGroup;
			children = (
				BEB8503A2865DF7F00EF1059 /* motivationUpTaskControl */,
				BEB850392865DF7F00EF1059 /* Products */,
			);
			sourceTree = "<group>";
		};
		BEB850392865DF7F00EF1059 /* Products */ = {
			isa = PBXGroup;
			children = (
				BEB850382865DF7F00EF1059 /* motivationUpTaskControl.app */,
			);
			name = Products;
			sourceTree = "<group>";
		};
		BEB8503A2865DF7F00EF1059 /* motivationUpTaskControl */ = {
			isa = PBXGroup;
			children = (
				BEB8503B2865DF7F00EF1059 /* MotivationUpTaskControlApp.swift */,
				BEB8503D2865DF7F00EF1059 /* ContentView.swift */,
				BE600D0F28680CCC000EA1FA /* HomeView.swift */,
				BE600D0B2867F748000EA1FA /* SaveView.swift */,
				BE600D0D2867F7B3000EA1FA /* InputMemoFaile.swift */,
				BE6611D1286F2CFA005B3991 /* EditMemoView.swift */,
				BE599B77286DD9F000A6F780 /* ViewModel */,
				BEB8503F2865DF8500EF1059 /* Assets.xcassets */,
				BEB850442865DF8500EF1059 /* Persistence.swift */,
				BEB850462865DF8500EF1059 /* motivationUpTaskControl.xcdatamodeld */,
				BEB850412865DF8500EF1059 /* Preview Content */,
			);
			path = motivationUpTaskControl;
			sourceTree = "<group>";
		};
		BEB850412865DF8500EF1059 /* Preview Content */ = {
			isa = PBXGroup;
			children = (
				BEB850422865DF8500EF1059 /* Preview Assets.xcassets */,
			);
			path = "Preview Content";
			sourceTree = "<group>";
		};
/* End PBXGroup section */

/* Begin PBXNativeTarget section */
		BEB850372865DF7F00EF1059 /* motivationUpTaskControl */ = {
			isa = PBXNativeTarget;
			buildConfigurationList = BEB8504B2865DF8500EF1059 /* Build configuration list for PBXNativeTarget "motivationUpTaskControl" */;
			buildPhases = (
				BEB850342865DF7F00EF1059 /* Sources */,
				BEB850352865DF7F00EF1059 /* Frameworks */,
				BEB850362865DF7F00EF1059 /* Resources */,
				BEC789DF2869D7A8003C3906 /* Run Script */,
			);
			buildRules = (
			);
			dependencies = (
			);
			name = motivationUpTaskControl;
			productName = motivationUpTaskControl;
			productReference = BEB850382865DF7F00EF1059 /* motivationUpTaskControl.app */;
			productType = "com.apple.product-type.application";
		};
/* End PBXNativeTarget section */

/* Begin PBXProject section */
		BEB850302865DF7F00EF1059 /* Project object */ = {
			isa = PBXProject;
			attributes = {
				BuildIndependentTargetsInParallel = 1;
				LastSwiftUpdateCheck = 1340;
				LastUpgradeCheck = 1340;
				TargetAttributes = {
					BEB850372865DF7F00EF1059 = {
						CreatedOnToolsVersion = 13.4;
					};
				};
			};
			buildConfigurationList = BEB850332865DF7F00EF1059 /* Build configuration list for PBXProject "MotivationUpTaskControl" */;
			compatibilityVersion = "Xcode 13.0";
			developmentRegion = en;
			hasScannedForEncodings = 0;
			knownRegions = (
				en,
				Base,
			);
			mainGroup = BEB8502F2865DF7F00EF1059;
			productRefGroup = BEB850392865DF7F00EF1059 /* Products */;
			projectDirPath = "";
			projectRoot = "";
			targets = (
				BEB850372865DF7F00EF1059 /* motivationUpTaskControl */,
			);
		};
/* End PBXProject section */

/* Begin PBXResourcesBuildPhase section */
		BEB850362865DF7F00EF1059 /* Resources */ = {
			isa = PBXResourcesBuildPhase;
			buildActionMask = 2147483647;
			files = (
				BEB850432865DF8500EF1059 /* Preview Assets.xcassets in Resources */,
				BEB850402865DF8500EF1059 /* Assets.xcassets in Resources */,
			);
			runOnlyForDeploymentPostprocessing = 0;
		};
/* End PBXResourcesBuildPhase section */

/* Begin PBXShellScriptBuildPhase section */
		BEC789DF2869D7A8003C3906 /* Run Script */ = {
			isa = PBXShellScriptBuildPhase;
			buildActionMask = 2147483647;
			files = (
			);
			inputFileListPaths = (
			);
			inputPaths = (
			);
			name = "Run Script";
			outputFileListPaths = (
			);
			outputPaths = (
			);
			runOnlyForDeploymentPostprocessing = 0;
			shellPath = /bin/sh;
			shellScript = "export PATH=\"$PATH:/opt/homebrew/bin\"\n\nif which swiftlint; then\n    swiftlint --fix --format\nelse\n  echo \"warning: SwiftLint not installed, download from https://github.com/realm/SwiftLint\"\nfi\n";
		};
/* End PBXShellScriptBuildPhase section */

/* Begin PBXSourcesBuildPhase section */
		BEB850342865DF7F00EF1059 /* Sources */ = {
			isa = PBXSourcesBuildPhase;
			buildActionMask = 2147483647;
			files = (
				BE6611D4286F2D9A005B3991 /* EditViewModel.swift in Sources */,
				BEB850452865DF8500EF1059 /* Persistence.swift in Sources */,
				BE599B79286DDA1C00A6F780 /* AddSaveViewModel.swift in Sources */,
				BEB8503E2865DF7F00EF1059 /* ContentView.swift in Sources */,
				BEB8503C2865DF7F00EF1059 /* MotivationUpTaskControlApp.swift in Sources */,
				BE6611D0286F2823005B3991 /* InputMemoFaileViewModel.swift in Sources */,
				BE6611D2286F2CFA005B3991 /* EditMemoView.swift in Sources */,
				BEB850482865DF8500EF1059 /* motivationUpTaskControl.xcdatamodeld in Sources */,
				BE600D1028680CCC000EA1FA /* HomeView.swift in Sources */,
				BE600D0E2867F7B3000EA1FA /* InputMemoFaile.swift in Sources */,
				BE600D0C2867F748000EA1FA /* SaveView.swift in Sources */,
			);
			runOnlyForDeploymentPostprocessing = 0;
		};
/* End PBXSourcesBuildPhase section */

/* Begin XCBuildConfiguration section */
		BEB850492865DF8500EF1059 /* Debug */ = {
			isa = XCBuildConfiguration;
			buildSettings = {
				ALWAYS_SEARCH_USER_PATHS = NO;
				CLANG_ANALYZER_NONNULL = YES;
				CLANG_ANALYZER_NUMBER_OBJECT_CONVERSION = YES_AGGRESSIVE;
				CLANG_CXX_LANGUAGE_STANDARD = "gnu++17";
				CLANG_ENABLE_MODULES = YES;
				CLANG_ENABLE_OBJC_ARC = YES;
				CLANG_ENABLE_OBJC_WEAK = YES;
				CLANG_WARN_BLOCK_CAPTURE_AUTORELEASING = YES;
				CLANG_WARN_BOOL_CONVERSION = YES;
				CLANG_WARN_COMMA = YES;
				CLANG_WARN_CONSTANT_CONVERSION = YES;
				CLANG_WARN_DEPRECATED_OBJC_IMPLEMENTATIONS = YES;
				CLANG_WARN_DIRECT_OBJC_ISA_USAGE = YES_ERROR;
				CLANG_WARN_DOCUMENTATION_COMMENTS = YES;
				CLANG_WARN_EMPTY_BODY = YES;
				CLANG_WARN_ENUM_CONVERSION = YES;
				CLANG_WARN_INFINITE_RECURSION = YES;
				CLANG_WARN_INT_CONVERSION = YES;
				CLANG_WARN_NON_LITERAL_NULL_CONVERSION = YES;
				CLANG_WARN_OBJC_IMPLICIT_RETAIN_SELF = YES;
				CLANG_WARN_OBJC_LITERAL_CONVERSION = YES;
				CLANG_WARN_OBJC_ROOT_CLASS = YES_ERROR;
				CLANG_WARN_QUOTED_INCLUDE_IN_FRAMEWORK_HEADER = YES;
				CLANG_WARN_RANGE_LOOP_ANALYSIS = YES;
				CLANG_WARN_STRICT_PROTOTYPES = YES;
				CLANG_WARN_SUSPICIOUS_MOVE = YES;
				CLANG_WARN_UNGUARDED_AVAILABILITY = YES_AGGRESSIVE;
				CLANG_WARN_UNREACHABLE_CODE = YES;
				CLANG_WARN__DUPLICATE_METHOD_MATCH = YES;
				COPY_PHASE_STRIP = NO;
				DEBUG_INFORMATION_FORMAT = dwarf;
				ENABLE_STRICT_OBJC_MSGSEND = YES;
				ENABLE_TESTABILITY = YES;
				GCC_C_LANGUAGE_STANDARD = gnu11;
				GCC_DYNAMIC_NO_PIC = NO;
				GCC_NO_COMMON_BLOCKS = YES;
				GCC_OPTIMIZATION_LEVEL = 0;
				GCC_PREPROCESSOR_DEFINITIONS = (
					"DEBUG=1",
					"$(inherited)",
				);
				GCC_WARN_64_TO_32_BIT_CONVERSION = YES;
				GCC_WARN_ABOUT_RETURN_TYPE = YES_ERROR;
				GCC_WARN_UNDECLARED_SELECTOR = YES;
				GCC_WARN_UNINITIALIZED_AUTOS = YES_AGGRESSIVE;
				GCC_WARN_UNUSED_FUNCTION = YES;
				GCC_WARN_UNUSED_VARIABLE = YES;
				IPHONEOS_DEPLOYMENT_TARGET = 15.5;
				MTL_ENABLE_DEBUG_INFO = INCLUDE_SOURCE;
				MTL_FAST_MATH = YES;
				ONLY_ACTIVE_ARCH = YES;
				SDKROOT = iphoneos;
				SWIFT_ACTIVE_COMPILATION_CONDITIONS = DEBUG;
				SWIFT_OPTIMIZATION_LEVEL = "-Onone";
			};
			name = Debug;
		};
		BEB8504A2865DF8500EF1059 /* Release */ = {
			isa = XCBuildConfiguration;
			buildSettings = {
				ALWAYS_SEARCH_USER_PATHS = NO;
				CLANG_ANALYZER_NONNULL = YES;
				CLANG_ANALYZER_NUMBER_OBJECT_CONVERSION = YES_AGGRESSIVE;
				CLANG_CXX_LANGUAGE_STANDARD = "gnu++17";
				CLANG_ENABLE_MODULES = YES;
				CLANG_ENABLE_OBJC_ARC = YES;
				CLANG_ENABLE_OBJC_WEAK = YES;
				CLANG_WARN_BLOCK_CAPTURE_AUTORELEASING = YES;
				CLANG_WARN_BOOL_CONVERSION = YES;
				CLANG_WARN_COMMA = YES;
				CLANG_WARN_CONSTANT_CONVERSION = YES;
				CLANG_WARN_DEPRECATED_OBJC_IMPLEMENTATIONS = YES;
				CLANG_WARN_DIRECT_OBJC_ISA_USAGE = YES_ERROR;
				CLANG_WARN_DOCUMENTATION_COMMENTS = YES;
				CLANG_WARN_EMPTY_BODY = YES;
				CLANG_WARN_ENUM_CONVERSION = YES;
				CLANG_WARN_INFINITE_RECURSION = YES;
				CLANG_WARN_INT_CONVERSION = YES;
				CLANG_WARN_NON_LITERAL_NULL_CONVERSION = YES;
				CLANG_WARN_OBJC_IMPLICIT_RETAIN_SELF = YES;
				CLANG_WARN_OBJC_LITERAL_CONVERSION = YES;
				CLANG_WARN_OBJC_ROOT_CLASS = YES_ERROR;
				CLANG_WARN_QUOTED_INCLUDE_IN_FRAMEWORK_HEADER = YES;
				CLANG_WARN_RANGE_LOOP_ANALYSIS = YES;
				CLANG_WARN_STRICT_PROTOTYPES = YES;
				CLANG_WARN_SUSPICIOUS_MOVE = YES;
				CLANG_WARN_UNGUARDED_AVAILABILITY = YES_AGGRESSIVE;
				CLANG_WARN_UNREACHABLE_CODE = YES;
				CLANG_WARN__DUPLICATE_METHOD_MATCH = YES;
				COPY_PHASE_STRIP = NO;
				DEBUG_INFORMATION_FORMAT = "dwarf-with-dsym";
				ENABLE_NS_ASSERTIONS = NO;
				ENABLE_STRICT_OBJC_MSGSEND = YES;
				GCC_C_LANGUAGE_STANDARD = gnu11;
				GCC_NO_COMMON_BLOCKS = YES;
				GCC_WARN_64_TO_32_BIT_CONVERSION = YES;
				GCC_WARN_ABOUT_RETURN_TYPE = YES_ERROR;
				GCC_WARN_UNDECLARED_SELECTOR = YES;
				GCC_WARN_UNINITIALIZED_AUTOS = YES_AGGRESSIVE;
				GCC_WARN_UNUSED_FUNCTION = YES;
				GCC_WARN_UNUSED_VARIABLE = YES;
				IPHONEOS_DEPLOYMENT_TARGET = 15.5;
				MTL_ENABLE_DEBUG_INFO = NO;
				MTL_FAST_MATH = YES;
				SDKROOT = iphoneos;
				SWIFT_COMPILATION_MODE = wholemodule;
				SWIFT_OPTIMIZATION_LEVEL = "-O";
				VALIDATE_PRODUCT = YES;
			};
			name = Release;
		};
		BEB8504C2865DF8500EF1059 /* Debug */ = {
			isa = XCBuildConfiguration;
			buildSettings = {
				ASSETCATALOG_COMPILER_APPICON_NAME = AppIcon;
				ASSETCATALOG_COMPILER_GLOBAL_ACCENT_COLOR_NAME = AccentColor;
				CODE_SIGN_STYLE = Automatic;
				CURRENT_PROJECT_VERSION = 1;
				DEVELOPMENT_ASSET_PATHS = "\"motivationUpTaskControl/Preview Content\"";
				DEVELOPMENT_TEAM = M7H7H978F2;
				ENABLE_PREVIEWS = YES;
				GENERATE_INFOPLIST_FILE = YES;
				INFOPLIST_KEY_UIApplicationSceneManifest_Generation = YES;
				INFOPLIST_KEY_UIApplicationSupportsIndirectInputEvents = YES;
				INFOPLIST_KEY_UILaunchScreen_Generation = YES;
				INFOPLIST_KEY_UISupportedInterfaceOrientations_iPad = "UIInterfaceOrientationPortrait UIInterfaceOrientationPortraitUpsideDown UIInterfaceOrientationLandscapeLeft UIInterfaceOrientationLandscapeRight";
				INFOPLIST_KEY_UISupportedInterfaceOrientations_iPhone = "UIInterfaceOrientationPortrait UIInterfaceOrientationLandscapeLeft UIInterfaceOrientationLandscapeRight";
				LD_RUNPATH_SEARCH_PATHS = (
					"$(inherited)",
					"@executable_path/Frameworks",
				);
				MARKETING_VERSION = 1.0;
				PRODUCT_BUNDLE_IDENTIFIER = "com.icloud.ken-021520.motivationUpTaskControl";
				PRODUCT_NAME = "$(TARGET_NAME)";
				SWIFT_EMIT_LOC_STRINGS = YES;
				SWIFT_VERSION = 5.0;
				TARGETED_DEVICE_FAMILY = "1,2";
			};
			name = Debug;
		};
		BEB8504D2865DF8500EF1059 /* Release */ = {
			isa = XCBuildConfiguration;
			buildSettings = {
				ASSETCATALOG_COMPILER_APPICON_NAME = AppIcon;
				ASSETCATALOG_COMPILER_GLOBAL_ACCENT_COLOR_NAME = AccentColor;
				CODE_SIGN_STYLE = Automatic;
				CURRENT_PROJECT_VERSION = 1;
				DEVELOPMENT_ASSET_PATHS = "\"motivationUpTaskControl/Preview Content\"";
				DEVELOPMENT_TEAM = M7H7H978F2;
				ENABLE_PREVIEWS = YES;
				GENERATE_INFOPLIST_FILE = YES;
				INFOPLIST_KEY_UIApplicationSceneManifest_Generation = YES;
				INFOPLIST_KEY_UIApplicationSupportsIndirectInputEvents = YES;
				INFOPLIST_KEY_UILaunchScreen_Generation = YES;
				INFOPLIST_KEY_UISupportedInterfaceOrientations_iPad = "UIInterfaceOrientationPortrait UIInterfaceOrientationPortraitUpsideDown UIInterfaceOrientationLandscapeLeft UIInterfaceOrientationLandscapeRight";
				INFOPLIST_KEY_UISupportedInterfaceOrientations_iPhone = "UIInterfaceOrientationPortrait UIInterfaceOrientationLandscapeLeft UIInterfaceOrientationLandscapeRight";
				LD_RUNPATH_SEARCH_PATHS = (
					"$(inherited)",
					"@executable_path/Frameworks",
				);
				MARKETING_VERSION = 1.0;
				PRODUCT_BUNDLE_IDENTIFIER = "com.icloud.ken-021520.motivationUpTaskControl";
				PRODUCT_NAME = "$(TARGET_NAME)";
				SWIFT_EMIT_LOC_STRINGS = YES;
				SWIFT_VERSION = 5.0;
				TARGETED_DEVICE_FAMILY = "1,2";
			};
			name = Release;
		};
/* End XCBuildConfiguration section */

/* Begin XCConfigurationList section */
		BEB850332865DF7F00EF1059 /* Build configuration list for PBXProject "MotivationUpTaskControl" */ = {
			isa = XCConfigurationList;
			buildConfigurations = (
				BEB850492865DF8500EF1059 /* Debug */,
				BEB8504A2865DF8500EF1059 /* Release */,
			);
			defaultConfigurationIsVisible = 0;
			defaultConfigurationName = Release;
		};
		BEB8504B2865DF8500EF1059 /* Build configuration list for PBXNativeTarget "motivationUpTaskControl" */ = {
			isa = XCConfigurationList;
			buildConfigurations = (
				BEB8504C2865DF8500EF1059 /* Debug */,
				BEB8504D2865DF8500EF1059 /* Release */,
			);
			defaultConfigurationIsVisible = 0;
			defaultConfigurationName = Release;
		};
/* End XCConfigurationList section */

/* Begin XCVersionGroup section */
		BEB850462865DF8500EF1059 /* motivationUpTaskControl.xcdatamodeld */ = {
			isa = XCVersionGroup;
			children = (
				BEB850472865DF8500EF1059 /* motivationUpTaskControl.xcdatamodel */,
			);
			currentVersion = BEB850472865DF8500EF1059 /* motivationUpTaskControl.xcdatamodel */;
			path = motivationUpTaskControl.xcdatamodeld;
			sourceTree = "<group>";
			versionGroupType = wrapper.xcdatamodel;
		};
/* End XCVersionGroup section */
	};
	rootObject = BEB850302865DF7F00EF1059 /* Project object */;
}
